{
  "name": "protobuf-conformance",
  "lockfileVersion": 3,
  "requires": true,
  "packages": {
    "": {
      "name": "protobuf-conformance",
      "hasInstallScript": true,
      "dependencies": {
        "@bufbuild/license-header": "^0.0.4",
        "fflate": "^0.8.2",
        "prettier": "^3.7.3"
      },
      "devDependencies": {
        "protobuf-conformance": "^33.0.0"
      }
    },
    "node_modules/@bufbuild/license-header": {
      "version": "0.0.4",
      "resolved": "https://registry.npmjs.org/@bufbuild/license-header/-/license-header-0.0.4.tgz",
      "integrity": "sha512-wOOrMjfLdDAO/BAKzCs/bvMPz61X3+qYC9nUbYxJYLVPFAlXus8aw2jNktyHEvLToCjOhn5EcpyaCpMzPHyHIQ==",
      "dependencies": {
        "picomatch": "^2.3.1"
      },
      "bin": {
        "license-header": "command.mjs"
      }
    },
    "node_modules/fflate": {
      "version": "0.8.2",
      "resolved": "https://registry.npmjs.org/fflate/-/fflate-0.8.2.tgz",
      "integrity": "sha512-cPJU47OaAoCbg0pBvzsgpTPhmhqI5eJjh/JIu8tPj5q+T7iLvW/JAYUqmE7KOB4R1ZyEhzBaIQpQpardBF5z8A=="
    },
    "node_modules/picomatch": {
      "version": "2.3.1",
      "resolved": "https://registry.npmjs.org/picomatch/-/picomatch-2.3.1.tgz",
      "integrity": "sha512-JU3teHTNjmE2VCGFzuY8EXzCDVwEqB2a8fsIvwaStHhAWJEeVd1o1QD80CU6+ZdEXXSLbSsuLwJjkCBWqRQUVA==",
      "engines": {
        "node": ">=8.6"
      },
      "funding": {
        "url": "https://github.com/sponsors/jonschlinkert"
      }
    },
    "node_modules/prettier": {
      "version": "3.7.3",
      "resolved": "https://registry.npmjs.org/prettier/-/prettier-3.7.3.tgz",
      "integrity": "sha512-QgODejq9K3OzoBbuyobZlUhznP5SKwPqp+6Q6xw6o8gnhr4O85L2U915iM2IDcfF2NPXVaM9zlo9tdwipnYwzg==",
      "license": "MIT",
      "bin": {
        "prettier": "bin/prettier.cjs"
      },
      "engines": {
        "node": ">=14"
      },
      "funding": {
        "url": "https://github.com/prettier/prettier?sponsor=1"
      }
    },
    "node_modules/protobuf-conformance": {
      "version": "33.0.0",
      "resolved": "https://registry.npmjs.org/protobuf-conformance/-/protobuf-conformance-33.0.0.tgz",
      "integrity": "sha512-h6BoHrRNtcGoDb6h3islqmXyERZ+TzkWevshH/TXI7I7PMr5xkSiBkGOG+6bI+tnMX8CRomD3QN35JxPMTuQBg==",
      "dev": true,
      "license": "Apache-2.0",
      "bin": {
        "conformance_proto_eject": "conformance_proto_eject.cjs",
        "conformance_test_runner": "conformance_test_runner.cjs"
      },
      "engines": {
        "node": ">=20.0.0"
      }
    }
  }
}
