{
  "name": "protobuf-conformance",
  "lockfileVersion": 3,
  "requires": true,
  "packages": {
    "": {
      "name": "protobuf-conformance",
      "hasInstallScript": true,
      "dependencies": {
        "@bufbuild/license-header": "^0.0.4",
        "fflate": "^0.8.2",
        "prettier": "^3.6.2"
      },
      "devDependencies": {
        "protobuf-conformance": "^31.0.0"
      }
    },
    "node_modules/@bufbuild/license-header": {
      "version": "0.0.4",
      "resolved": "https://registry.npmjs.org/@bufbuild/license-header/-/license-header-0.0.4.tgz",
      "integrity": "sha512-wOOrMjfLdDAO/BAKzCs/bvMPz61X3+qYC9nUbYxJYLVPFAlXus8aw2jNktyHEvLToCjOhn5EcpyaCpMzPHyHIQ==",
      "dependencies": {
        "picomatch": "^2.3.1"
      },
      "bin": {
        "license-header": "command.mjs"
      }
    },
    "node_modules/fflate": {
      "version": "0.8.2",
      "resolved": "https://registry.npmjs.org/fflate/-/fflate-0.8.2.tgz",
      "integrity": "sha512-cPJU47OaAoCbg0pBvzsgpTPhmhqI5eJjh/JIu8tPj5q+T7iLvW/JAYUqmE7KOB4R1ZyEhzBaIQpQpardBF5z8A=="
    },
    "node_modules/picomatch": {
      "version": "2.3.1",
      "resolved": "https://registry.npmjs.org/picomatch/-/picomatch-2.3.1.tgz",
      "integrity": "sha512-JU3teHTNjmE2VCGFzuY8EXzCDVwEqB2a8fsIvwaStHhAWJEeVd1o1QD80CU6+ZdEXXSLbSsuLwJjkCBWqRQUVA==",
      "engines": {
        "node": ">=8.6"
      },
      "funding": {
        "url": "https://github.com/sponsors/jonschlinkert"
      }
    },
    "node_modules/prettier": {
      "version": "3.6.2",
      "resolved": "https://registry.npmjs.org/prettier/-/prettier-3.6.2.tgz",
      "integrity": "sha512-I7AIg5boAr5R0FFtJ6rCfD+LFsWHp81dolrFD8S79U9tb8Az2nGrJncnMSnys+bpQJfRUzqs9hnA81OAA3hCuQ==",
      "license": "MIT",
      "bin": {
        "prettier": "bin/prettier.cjs"
      },
      "engines": {
        "node": ">=14"
      },
      "funding": {
        "url": "https://github.com/prettier/prettier?sponsor=1"
      }
    },
    "node_modules/protobuf-conformance": {
      "version": "31.1.0",
      "resolved": "https://registry.npmjs.org/protobuf-conformance/-/protobuf-conformance-31.1.0.tgz",
      "integrity": "sha512-j7XRk2j78t80FnTqDMkqZrVnqKZ8Ks22R6/yBNrVPB+uEwNTSGzl6mDxuEvTS6gBzzF5bfnKiuvF/USBU1yp6Q==",
      "dev": true,
      "license": "Apache-2.0",
      "bin": {
        "conformance_proto_eject": "conformance_proto_eject.cjs",
        "conformance_test_runner": "conformance_test_runner.cjs"
      },
      "engines": {
        "node": ">=20.0.0"
      }
    }
  }
}
