{
  "name": "protobuf-conformance",
  "lockfileVersion": 3,
  "requires": true,
  "packages": {
    "": {
      "name": "protobuf-conformance",
      "devDependencies": {
        "@bufbuild/license-header": "^0.0.4",
        "prettier": "^3.3.3"
      }
    },
    "node_modules/@bufbuild/license-header": {
      "version": "0.0.4",
      "resolved": "https://registry.npmjs.org/@bufbuild/license-header/-/license-header-0.0.4.tgz",
      "integrity": "sha512-wOOrMjfLdDAO/BAKzCs/bvMPz61X3+qYC9nUbYxJYLVPFAlXus8aw2jNktyHEvLToCjOhn5EcpyaCpMzPHyHIQ==",
      "dev": true,
      "dependencies": {
        "picomatch": "^2.3.1"
      },
      "bin": {
        "license-header": "command.mjs"
      }
    },
    "node_modules/picomatch": {
      "version": "2.3.1",
      "resolved": "https://registry.npmjs.org/picomatch/-/picomatch-2.3.1.tgz",
      "integrity": "sha512-JU3teHTNjmE2VCGFzuY8EXzCDVwEqB2a8fsIvwaStHhAWJEeVd1o1QD80CU6+ZdEXXSLbSsuLwJjkCBWqRQUVA==",
      "dev": true,
      "engines": {
        "node": ">=8.6"
      },
      "funding": {
        "url": "https://github.com/sponsors/jonschlinkert"
      }
    },
    "node_modules/prettier": {
      "version": "3.3.3",
      "resolved": "https://registry.npmjs.org/prettier/-/prettier-3.3.3.tgz",
      "integrity": "sha512-i2tDNA0O5IrMO757lfrdQZCc2jPNDVntV0m/+4whiDfWaTKfMNgR7Qz0NAeGz/nRqF4m5/6CLzbP4/liHt12Ew==",
      "dev": true,
      "bin": {
        "prettier": "bin/prettier.cjs"
      },
      "engines": {
        "node": ">=14"
      },
      "funding": {
        "url": "https://github.com/prettier/prettier?sponsor=1"
      }
    }
  }
}
