{
  "name": "google-protobuf-conformance",
  "lockfileVersion": 3,
  "requires": true,
  "packages": {
    "": {
      "name": "google-protobuf-conformance",
      "dependencies": {
        "google-protobuf": "^4.0.0"
      },
      "devDependencies": {
        "@bufbuild/buf": "^1.57.2"
      }
    },
    "node_modules/@bufbuild/buf": {
      "version": "1.57.2",
      "resolved": "https://registry.npmjs.org/@bufbuild/buf/-/buf-1.57.2.tgz",
      "integrity": "sha512-N51MOnjROdtBX3fPU2KGdmwfiT1WWXzs8Jw1tMMkyVAmCSahWbObGIPq7e1fw7lR5i0s3bTxQyk3KRmb2/uwNg==",
      "dev": true,
      "hasInstallScript": true,
      "license": "Apache-2.0",
      "bin": {
        "buf": "bin/buf",
        "protoc-gen-buf-breaking": "bin/protoc-gen-buf-breaking",
        "protoc-gen-buf-lint": "bin/protoc-gen-buf-lint"
      },
      "engines": {
        "node": ">=12"
      },
      "optionalDependencies": {
        "@bufbuild/buf-darwin-arm64": "1.57.2",
        "@bufbuild/buf-darwin-x64": "1.57.2",
        "@bufbuild/buf-linux-aarch64": "1.57.2",
        "@bufbuild/buf-linux-armv7": "1.57.2",
        "@bufbuild/buf-linux-x64": "1.57.2",
        "@bufbuild/buf-win32-arm64": "1.57.2",
        "@bufbuild/buf-win32-x64": "1.57.2"
      }
    },
    "node_modules/@bufbuild/buf-darwin-arm64": {
      "version": "1.57.2",
      "resolved": "https://registry.npmjs.org/@bufbuild/buf-darwin-arm64/-/buf-darwin-arm64-1.57.2.tgz",
      "integrity": "sha512-ybwjZ8hFpDiSfTY8ltuNulh6e4CYcojZX+joo/VocFb4InRFyF08S+JSO+1ld+nTmJ24ziGwXZTg8qXiiN6qog==",
      "cpu": [
        "arm64"
      ],
      "dev": true,
      "license": "Apache-2.0",
      "optional": true,
      "os": [
        "darwin"
      ],
      "engines": {
        "node": ">=12"
      }
    },
    "node_modules/@bufbuild/buf-darwin-x64": {
      "version": "1.57.2",
      "resolved": "https://registry.npmjs.org/@bufbuild/buf-darwin-x64/-/buf-darwin-x64-1.57.2.tgz",
      "integrity": "sha512-uoNjkkyjmJlzQyfPI/mwlutDvu48gFg8pYzlK0RhNshvTWCDo2vXbw1gZSaQnv1xK585N9Axmyjp0K2sYJkaDQ==",
      "cpu": [
        "x64"
      ],
      "dev": true,
      "license": "Apache-2.0",
      "optional": true,
      "os": [
        "darwin"
      ],
      "engines": {
        "node": ">=12"
      }
    },
    "node_modules/@bufbuild/buf-linux-aarch64": {
      "version": "1.57.2",
      "resolved": "https://registry.npmjs.org/@bufbuild/buf-linux-aarch64/-/buf-linux-aarch64-1.57.2.tgz",
      "integrity": "sha512-JvB9M+GraP7tgYlyKUhF46+pw/hctFyAjcLvPCPxr8Lr9uo3I6uqU8KywE4AuzdFReaZ4wtdF6sUlsfDOo8Geg==",
      "cpu": [
        "arm64"
      ],
      "dev": true,
      "license": "Apache-2.0",
      "optional": true,
      "os": [
        "linux"
      ],
      "engines": {
        "node": ">=12"
      }
    },
    "node_modules/@bufbuild/buf-linux-armv7": {
      "version": "1.57.2",
      "resolved": "https://registry.npmjs.org/@bufbuild/buf-linux-armv7/-/buf-linux-armv7-1.57.2.tgz",
      "integrity": "sha512-13ZBU/LTboW7B/qjMV6fY6z8q0uyfSpp+y2J+/PAzCrC64ewSTE30pMKFQujMQ05Po0kY5e9yWvTElJcLbzt5w==",
      "cpu": [
        "arm"
      ],
      "dev": true,
      "license": "Apache-2.0",
      "optional": true,
      "os": [
        "linux"
      ],
      "engines": {
        "node": ">=12"
      }
    },
    "node_modules/@bufbuild/buf-linux-x64": {
      "version": "1.57.2",
      "resolved": "https://registry.npmjs.org/@bufbuild/buf-linux-x64/-/buf-linux-x64-1.57.2.tgz",
      "integrity": "sha512-R28Y6g0kGlM/agtVc8sAjzGhgtbA4JyJYg4w7ZPm/FaVEw2sAYZBsa5uxmMNNOmWopKfd0yr2Pgq8ndfG0QSug==",
      "cpu": [
        "x64"
      ],
      "dev": true,
      "license": "Apache-2.0",
      "optional": true,
      "os": [
        "linux"
      ],
      "engines": {
        "node": ">=12"
      }
    },
    "node_modules/@bufbuild/buf-win32-arm64": {
      "version": "1.57.2",
      "resolved": "https://registry.npmjs.org/@bufbuild/buf-win32-arm64/-/buf-win32-arm64-1.57.2.tgz",
      "integrity": "sha512-6YlPr2Z0VLae/76raYDEcotN7YGNgn3qaNy7x5idAoNeAr0EK2WsKtlBypK0/fQO3GOrYo0HGM/0SFENXoQKbw==",
      "cpu": [
        "arm64"
      ],
      "dev": true,
      "license": "Apache-2.0",
      "optional": true,
      "os": [
        "win32"
      ],
      "engines": {
        "node": ">=12"
      }
    },
    "node_modules/@bufbuild/buf-win32-x64": {
      "version": "1.57.2",
      "resolved": "https://registry.npmjs.org/@bufbuild/buf-win32-x64/-/buf-win32-x64-1.57.2.tgz",
      "integrity": "sha512-7YKz2RVPQlL+rJYzNL7JK3LpvZUz7wY6hof3QOTNX3sHY6pRD+mtWt/PITTlC3PtyjSKy17wAhbkokC0JErsHw==",
      "cpu": [
        "x64"
      ],
      "dev": true,
      "license": "Apache-2.0",
      "optional": true,
      "os": [
        "win32"
      ],
      "engines": {
        "node": ">=12"
      }
    },
    "node_modules/google-protobuf": {
      "version": "4.0.0",
      "resolved": "https://registry.npmjs.org/google-protobuf/-/google-protobuf-4.0.0.tgz",
      "integrity": "sha512-b8wmenhUMf2WNL+xIJ/slvD/hEE6V3nRnG86O2bzkBrMweM9gnqZE1dfXlDjibY3aXJXDNbAHepevYyQ7qWKsQ==",
      "license": "(BSD-3-Clause AND Apache-2.0)"
    }
  }
}
