{
  "name": "protoc-gen-ts",
  "version": "1.0.0",
  "lockfileVersion": 2,
  "requires": true,
  "packages": {
    "": {
      "name": "protoc-gen-ts",
      "version": "1.0.0",
      "license": "ISC",
      "dependencies": {
        "@bufbuild/buf": "^1.15.0-1",
        "@types/google-protobuf": "^3.15.6",
        "@types/node": "^18.14.0",
        "google-protobuf": "^3.21.2",
        "protoc-gen-ts": "^0.8.5",
        "typescript": "^4.9.5"
      }
    },
    "node_modules/@bufbuild/buf": {
      "version": "1.15.0-1",
      "resolved": "https://registry.npmjs.org/@bufbuild/buf/-/buf-1.15.0-1.tgz",
      "integrity": "sha512-j+mkNd9kM+2b9JacmZNBxTkbOXtLUltzv0inWBYRqd4dJ+EwAR/CDfK6OXvia94aJsKWy8YKSgLu19VlTYSh1Q==",
      "hasInstallScript": true,
      "bin": {
        "buf": "bin/buf",
        "protoc-gen-buf-breaking": "bin/protoc-gen-buf-breaking",
        "protoc-gen-buf-lint": "bin/protoc-gen-buf-lint"
      },
      "engines": {
        "node": ">=12"
      },
      "optionalDependencies": {
        "@bufbuild/buf-darwin-arm64": "1.15.0-1",
        "@bufbuild/buf-darwin-x64": "1.15.0-1",
        "@bufbuild/buf-linux-aarch64": "1.15.0-1",
        "@bufbuild/buf-linux-x64": "1.15.0-1",
        "@bufbuild/buf-win32-arm64": "1.15.0-1",
        "@bufbuild/buf-win32-x64": "1.15.0-1"
      }
    },
    "node_modules/@bufbuild/buf-darwin-arm64": {
      "version": "1.15.0-1",
      "resolved": "https://registry.npmjs.org/@bufbuild/buf-darwin-arm64/-/buf-darwin-arm64-1.15.0-1.tgz",
      "integrity": "sha512-KV3rvScwjMCcj0DSkmx6Ejk8YF7LtnqA3jSokeYbGaLLfSvPXu4q9d0I2pq+jaYIA8RfbMerAqzR8MccdY4Vqw==",
      "cpu": [
        "arm64"
      ],
      "optional": true,
      "os": [
        "darwin"
      ],
      "engines": {
        "node": ">=12"
      }
    },
    "node_modules/@bufbuild/buf-darwin-x64": {
      "version": "1.15.0-1",
      "resolved": "https://registry.npmjs.org/@bufbuild/buf-darwin-x64/-/buf-darwin-x64-1.15.0-1.tgz",
      "integrity": "sha512-hSEK9TIGmTA58PhUsvcuhF9LcmZ3mZedPgWT8cAeGZYcNJd1mkUEzsWsqnYYGZRe1QvOPZW1BsPIayWFBrlBMQ==",
      "cpu": [
        "x64"
      ],
      "optional": true,
      "os": [
        "darwin"
      ],
      "engines": {
        "node": ">=12"
      }
    },
    "node_modules/@bufbuild/buf-linux-aarch64": {
      "version": "1.15.0-1",
      "resolved": "https://registry.npmjs.org/@bufbuild/buf-linux-aarch64/-/buf-linux-aarch64-1.15.0-1.tgz",
      "integrity": "sha512-Ppa5mNy3z5cmTPo18Sc5xUIPfRBpa/Bc9VyqtUqwMJGtTQ1fC+JJ9LFUL8UxXcvdVRcErxXNyd6oGEZzOoLFFQ==",
      "cpu": [
        "arm64"
      ],
      "optional": true,
      "os": [
        "linux"
      ],
      "engines": {
        "node": ">=12"
      }
    },
    "node_modules/@bufbuild/buf-linux-x64": {
      "version": "1.15.0-1",
      "resolved": "https://registry.npmjs.org/@bufbuild/buf-linux-x64/-/buf-linux-x64-1.15.0-1.tgz",
      "integrity": "sha512-6QtcPOf6D3cXGAhMIhCkOlveLc19nXFCteUktuK73Ls8XDOLuhef4cEfb/Gh7RQCq6IyfFyzoEzb0cWybXnBbQ==",
      "cpu": [
        "x64"
      ],
      "optional": true,
      "os": [
        "linux"
      ],
      "engines": {
        "node": ">=12"
      }
    },
    "node_modules/@bufbuild/buf-win32-arm64": {
      "version": "1.15.0-1",
      "resolved": "https://registry.npmjs.org/@bufbuild/buf-win32-arm64/-/buf-win32-arm64-1.15.0-1.tgz",
      "integrity": "sha512-h356aHM1BvHKjxrs9GjeuDxljqJDNtv8NhzssR3kD4ZkRjZYpMhc8YzpnodY3W520W9/6Q7k7CuVd2vhib1Fyg==",
      "cpu": [
        "arm64"
      ],
      "optional": true,
      "os": [
        "win32"
      ],
      "engines": {
        "node": ">=12"
      }
    },
    "node_modules/@bufbuild/buf-win32-x64": {
      "version": "1.15.0-1",
      "resolved": "https://registry.npmjs.org/@bufbuild/buf-win32-x64/-/buf-win32-x64-1.15.0-1.tgz",
      "integrity": "sha512-dc1dBFDTNF/3ulr7rejsX/lBb2eqAPZtHI3w6YUQaXTkhmQtNOe45QkaOYnj4UFj6sBVI53WeAisNf3Wg+SUFQ==",
      "cpu": [
        "x64"
      ],
      "optional": true,
      "os": [
        "win32"
      ],
      "engines": {
        "node": ">=12"
      }
    },
    "node_modules/@types/google-protobuf": {
      "version": "3.15.6",
      "resolved": "https://registry.npmjs.org/@types/google-protobuf/-/google-protobuf-3.15.6.tgz",
      "integrity": "sha512-pYVNNJ+winC4aek+lZp93sIKxnXt5qMkuKmaqS3WGuTq0Bw1ZDYNBgzG5kkdtwcv+GmYJGo3yEg6z2cKKAiEdw=="
    },
    "node_modules/@types/node": {
      "version": "18.14.0",
      "resolved": "https://registry.npmjs.org/@types/node/-/node-18.14.0.tgz",
      "integrity": "sha512-5EWrvLmglK+imbCJY0+INViFWUHg1AHel1sq4ZVSfdcNqGy9Edv3UB9IIzzg+xPaUcAgZYcfVs2fBcwDeZzU0A=="
    },
    "node_modules/google-protobuf": {
      "version": "3.21.2",
      "resolved": "https://registry.npmjs.org/google-protobuf/-/google-protobuf-3.21.2.tgz",
      "integrity": "sha512-3MSOYFO5U9mPGikIYCzK0SaThypfGgS6bHqrUGXG3DPHCrb+txNqeEcns1W0lkGfk0rCyNXm7xB9rMxnCiZOoA=="
    },
    "node_modules/protoc-gen-ts": {
      "version": "0.8.5",
      "resolved": "https://registry.npmjs.org/protoc-gen-ts/-/protoc-gen-ts-0.8.5.tgz",
      "integrity": "sha512-LHZ+w/+DqmdgnhPtShgqtPtdv+hJ9bAXEIqNU0kkY2bPcCVIEWz5seOv20FCw6gbKorriTGP8xgz2RsIcrRvVw==",
      "bin": {
        "protoc-gen-ts": "bin/protoc-gen-ts.js"
      },
      "funding": {
        "type": "individual",
        "url": "https://www.buymeacoffee.com/thesayyn"
      },
      "peerDependencies": {
        "google-protobuf": "^3.13.0",
        "typescript": ">=4"
      }
    },
    "node_modules/typescript": {
      "version": "4.9.5",
      "resolved": "https://registry.npmjs.org/typescript/-/typescript-4.9.5.tgz",
      "integrity": "sha512-1FXk9E2Hm+QzZQ7z+McJiHL4NW1F2EzMu9Nq9i3zAaGqibafqYwCVU6WyWAuyQRRzOlxou8xZSyXLEN8oKj24g==",
      "bin": {
        "tsc": "bin/tsc",
        "tsserver": "bin/tsserver"
      },
      "engines": {
        "node": ">=4.2.0"
      }
    }
  },
  "dependencies": {
    "@bufbuild/buf": {
      "version": "1.15.0-1",
      "resolved": "https://registry.npmjs.org/@bufbuild/buf/-/buf-1.15.0-1.tgz",
      "integrity": "sha512-j+mkNd9kM+2b9JacmZNBxTkbOXtLUltzv0inWBYRqd4dJ+EwAR/CDfK6OXvia94aJsKWy8YKSgLu19VlTYSh1Q==",
      "requires": {
        "@bufbuild/buf-darwin-arm64": "1.15.0-1",
        "@bufbuild/buf-darwin-x64": "1.15.0-1",
        "@bufbuild/buf-linux-aarch64": "1.15.0-1",
        "@bufbuild/buf-linux-x64": "1.15.0-1",
        "@bufbuild/buf-win32-arm64": "1.15.0-1",
        "@bufbuild/buf-win32-x64": "1.15.0-1"
      }
    },
    "@bufbuild/buf-darwin-arm64": {
      "version": "1.15.0-1",
      "resolved": "https://registry.npmjs.org/@bufbuild/buf-darwin-arm64/-/buf-darwin-arm64-1.15.0-1.tgz",
      "integrity": "sha512-KV3rvScwjMCcj0DSkmx6Ejk8YF7LtnqA3jSokeYbGaLLfSvPXu4q9d0I2pq+jaYIA8RfbMerAqzR8MccdY4Vqw==",
      "optional": true
    },
    "@bufbuild/buf-darwin-x64": {
      "version": "1.15.0-1",
      "resolved": "https://registry.npmjs.org/@bufbuild/buf-darwin-x64/-/buf-darwin-x64-1.15.0-1.tgz",
      "integrity": "sha512-hSEK9TIGmTA58PhUsvcuhF9LcmZ3mZedPgWT8cAeGZYcNJd1mkUEzsWsqnYYGZRe1QvOPZW1BsPIayWFBrlBMQ==",
      "optional": true
    },
    "@bufbuild/buf-linux-aarch64": {
      "version": "1.15.0-1",
      "resolved": "https://registry.npmjs.org/@bufbuild/buf-linux-aarch64/-/buf-linux-aarch64-1.15.0-1.tgz",
      "integrity": "sha512-Ppa5mNy3z5cmTPo18Sc5xUIPfRBpa/Bc9VyqtUqwMJGtTQ1fC+JJ9LFUL8UxXcvdVRcErxXNyd6oGEZzOoLFFQ==",
      "optional": true
    },
    "@bufbuild/buf-linux-x64": {
      "version": "1.15.0-1",
      "resolved": "https://registry.npmjs.org/@bufbuild/buf-linux-x64/-/buf-linux-x64-1.15.0-1.tgz",
      "integrity": "sha512-6QtcPOf6D3cXGAhMIhCkOlveLc19nXFCteUktuK73Ls8XDOLuhef4cEfb/Gh7RQCq6IyfFyzoEzb0cWybXnBbQ==",
      "optional": true
    },
    "@bufbuild/buf-win32-arm64": {
      "version": "1.15.0-1",
      "resolved": "https://registry.npmjs.org/@bufbuild/buf-win32-arm64/-/buf-win32-arm64-1.15.0-1.tgz",
      "integrity": "sha512-h356aHM1BvHKjxrs9GjeuDxljqJDNtv8NhzssR3kD4ZkRjZYpMhc8YzpnodY3W520W9/6Q7k7CuVd2vhib1Fyg==",
      "optional": true
    },
    "@bufbuild/buf-win32-x64": {
      "version": "1.15.0-1",
      "resolved": "https://registry.npmjs.org/@bufbuild/buf-win32-x64/-/buf-win32-x64-1.15.0-1.tgz",
      "integrity": "sha512-dc1dBFDTNF/3ulr7rejsX/lBb2eqAPZtHI3w6YUQaXTkhmQtNOe45QkaOYnj4UFj6sBVI53WeAisNf3Wg+SUFQ==",
      "optional": true
    },
    "@types/google-protobuf": {
      "version": "3.15.6",
      "resolved": "https://registry.npmjs.org/@types/google-protobuf/-/google-protobuf-3.15.6.tgz",
      "integrity": "sha512-pYVNNJ+winC4aek+lZp93sIKxnXt5qMkuKmaqS3WGuTq0Bw1ZDYNBgzG5kkdtwcv+GmYJGo3yEg6z2cKKAiEdw=="
    },
    "@types/node": {
      "version": "18.14.0",
      "resolved": "https://registry.npmjs.org/@types/node/-/node-18.14.0.tgz",
      "integrity": "sha512-5EWrvLmglK+imbCJY0+INViFWUHg1AHel1sq4ZVSfdcNqGy9Edv3UB9IIzzg+xPaUcAgZYcfVs2fBcwDeZzU0A=="
    },
    "google-protobuf": {
      "version": "3.21.2",
      "resolved": "https://registry.npmjs.org/google-protobuf/-/google-protobuf-3.21.2.tgz",
      "integrity": "sha512-3MSOYFO5U9mPGikIYCzK0SaThypfGgS6bHqrUGXG3DPHCrb+txNqeEcns1W0lkGfk0rCyNXm7xB9rMxnCiZOoA=="
    },
    "protoc-gen-ts": {
      "version": "0.8.5",
      "resolved": "https://registry.npmjs.org/protoc-gen-ts/-/protoc-gen-ts-0.8.5.tgz",
      "integrity": "sha512-LHZ+w/+DqmdgnhPtShgqtPtdv+hJ9bAXEIqNU0kkY2bPcCVIEWz5seOv20FCw6gbKorriTGP8xgz2RsIcrRvVw==",
      "requires": {}
    },
    "typescript": {
      "version": "4.9.5",
      "resolved": "https://registry.npmjs.org/typescript/-/typescript-4.9.5.tgz",
      "integrity": "sha512-1FXk9E2Hm+QzZQ7z+McJiHL4NW1F2EzMu9Nq9i3zAaGqibafqYwCVU6WyWAuyQRRzOlxou8xZSyXLEN8oKj24g=="
    }
  }
}
