{
  "name": "protoc-gen-ts",
  "version": "1.0.0",
  "lockfileVersion": 3,
  "requires": true,
  "packages": {
    "": {
      "name": "protoc-gen-ts",
      "version": "1.0.0",
      "license": "ISC",
      "dependencies": {
        "@bufbuild/buf": "^1.27.0",
        "@types/google-protobuf": "^3.15.7",
        "@types/node": "^20.8.4",
        "google-protobuf": "^3.21.2",
        "protoc-gen-ts": "^0.8.7",
        "typescript": "^4.9.5"
      }
    },
    "node_modules/@bufbuild/buf": {
      "version": "1.27.0",
      "resolved": "https://registry.npmjs.org/@bufbuild/buf/-/buf-1.27.0.tgz",
      "integrity": "sha512-vR/ke6gUNgGSC3z7WkHLcbO+ur+zvGTC4ohHsLo2dZqEWysWySjNpcU70SKdIN3G5M4fSS1ki6MkZPes3E+83w==",
      "hasInstallScript": true,
      "bin": {
        "buf": "bin/buf",
        "protoc-gen-buf-breaking": "bin/protoc-gen-buf-breaking",
        "protoc-gen-buf-lint": "bin/protoc-gen-buf-lint"
      },
      "engines": {
        "node": ">=12"
      },
      "optionalDependencies": {
        "@bufbuild/buf-darwin-arm64": "1.27.0",
        "@bufbuild/buf-darwin-x64": "1.27.0",
        "@bufbuild/buf-linux-aarch64": "1.27.0",
        "@bufbuild/buf-linux-x64": "1.27.0",
        "@bufbuild/buf-win32-arm64": "1.27.0",
        "@bufbuild/buf-win32-x64": "1.27.0"
      }
    },
    "node_modules/@bufbuild/buf-darwin-arm64": {
      "version": "1.27.0",
      "resolved": "https://registry.npmjs.org/@bufbuild/buf-darwin-arm64/-/buf-darwin-arm64-1.27.0.tgz",
      "integrity": "sha512-Bsdo9BkkIlIgBpQJ2jyIXl9ggSqDdSJ12euxgU1y4pbT5iD11mdiUA7eq5/ssxLJilUrUGj2Gk1h1KbYG/JfVA==",
      "cpu": [
        "arm64"
      ],
      "optional": true,
      "os": [
        "darwin"
      ],
      "engines": {
        "node": ">=12"
      }
    },
    "node_modules/@bufbuild/buf-darwin-x64": {
      "version": "1.27.0",
      "resolved": "https://registry.npmjs.org/@bufbuild/buf-darwin-x64/-/buf-darwin-x64-1.27.0.tgz",
      "integrity": "sha512-aJmSZvO6uNxHST8+kN5cukv7/ZLgDnvklp+r6uyokocg5sk1rgWQVBqiVtGmoDWwPbotpMhb3EuqtwN9hdNrOg==",
      "cpu": [
        "x64"
      ],
      "optional": true,
      "os": [
        "darwin"
      ],
      "engines": {
        "node": ">=12"
      }
    },
    "node_modules/@bufbuild/buf-linux-aarch64": {
      "version": "1.27.0",
      "resolved": "https://registry.npmjs.org/@bufbuild/buf-linux-aarch64/-/buf-linux-aarch64-1.27.0.tgz",
      "integrity": "sha512-1NPHARYENNVWOK3bQxbnYsMLU09em4/kdyAnCwyGkNhr+pWUlWdCBu3X5tdrRW+mnhjeagIcomTMhgVjxIAS7g==",
      "cpu": [
        "arm64"
      ],
      "optional": true,
      "os": [
        "linux"
      ],
      "engines": {
        "node": ">=12"
      }
    },
    "node_modules/@bufbuild/buf-linux-x64": {
      "version": "1.27.0",
      "resolved": "https://registry.npmjs.org/@bufbuild/buf-linux-x64/-/buf-linux-x64-1.27.0.tgz",
      "integrity": "sha512-3LMTSJlwJAeOfjPuB0NBK+1Yfg1Bybadt+c1X/vF8XSXut1u0Ju1/fbRDz75BF4AlMidMQPdGS+vPWmPcb51hA==",
      "cpu": [
        "x64"
      ],
      "optional": true,
      "os": [
        "linux"
      ],
      "engines": {
        "node": ">=12"
      }
    },
    "node_modules/@bufbuild/buf-win32-arm64": {
      "version": "1.27.0",
      "resolved": "https://registry.npmjs.org/@bufbuild/buf-win32-arm64/-/buf-win32-arm64-1.27.0.tgz",
      "integrity": "sha512-Za5d3obNvSfLZAlQW8IAWtv1Yv0gQTFDVMPyYiOh70rKIfKIxrWZxT4E4nzFLZZ54VQDFoUl81bAjOYLOgaspQ==",
      "cpu": [
        "arm64"
      ],
      "optional": true,
      "os": [
        "win32"
      ],
      "engines": {
        "node": ">=12"
      }
    },
    "node_modules/@bufbuild/buf-win32-x64": {
      "version": "1.27.0",
      "resolved": "https://registry.npmjs.org/@bufbuild/buf-win32-x64/-/buf-win32-x64-1.27.0.tgz",
      "integrity": "sha512-OzVK4Fz162Z6fFHAAZhHPW2GiCXjweCG/hwjOtFt2gza1t3ImYp0CwxJI6ePGY+th3Y9yu8rY0iHiI59ezMa4Q==",
      "cpu": [
        "x64"
      ],
      "optional": true,
      "os": [
        "win32"
      ],
      "engines": {
        "node": ">=12"
      }
    },
    "node_modules/@types/google-protobuf": {
      "version": "3.15.7",
      "resolved": "https://registry.npmjs.org/@types/google-protobuf/-/google-protobuf-3.15.7.tgz",
      "integrity": "sha512-pIEMnb04J60c5eExVLUY/R4eWT5QEQ5cC792JOSfDI3kLjaKC4TjdgMp3xIrN1vxbi2Zk8LcscTm0VaNrIdniA=="
    },
    "node_modules/@types/node": {
      "version": "20.8.4",
      "resolved": "https://registry.npmjs.org/@types/node/-/node-20.8.4.tgz",
      "integrity": "sha512-ZVPnqU58giiCjSxjVUESDtdPk4QR5WQhhINbc9UBrKLU68MX5BF6kbQzTrkwbolyr0X8ChBpXfavr5mZFKZQ5A==",
      "dependencies": {
        "undici-types": "~5.25.1"
      }
    },
    "node_modules/google-protobuf": {
      "version": "3.21.2",
      "resolved": "https://registry.npmjs.org/google-protobuf/-/google-protobuf-3.21.2.tgz",
      "integrity": "sha512-3MSOYFO5U9mPGikIYCzK0SaThypfGgS6bHqrUGXG3DPHCrb+txNqeEcns1W0lkGfk0rCyNXm7xB9rMxnCiZOoA=="
    },
    "node_modules/protoc-gen-ts": {
      "version": "0.8.7",
      "resolved": "https://registry.npmjs.org/protoc-gen-ts/-/protoc-gen-ts-0.8.7.tgz",
      "integrity": "sha512-jr4VJey2J9LVYCV7EVyVe53g1VMw28cCmYJhBe5e3YX5wiyiDwgxWxeDf9oTqAe4P1bN/YGAkW2jhlH8LohwiQ==",
      "bin": {
        "protoc-gen-ts": "protoc-gen-ts.js"
      },
      "funding": {
        "type": "individual",
        "url": "https://www.buymeacoffee.com/thesayyn"
      }
    },
    "node_modules/typescript": {
      "version": "4.9.5",
      "resolved": "https://registry.npmjs.org/typescript/-/typescript-4.9.5.tgz",
      "integrity": "sha512-1FXk9E2Hm+QzZQ7z+McJiHL4NW1F2EzMu9Nq9i3zAaGqibafqYwCVU6WyWAuyQRRzOlxou8xZSyXLEN8oKj24g==",
      "bin": {
        "tsc": "bin/tsc",
        "tsserver": "bin/tsserver"
      },
      "engines": {
        "node": ">=4.2.0"
      }
    },
    "node_modules/undici-types": {
      "version": "5.25.3",
      "resolved": "https://registry.npmjs.org/undici-types/-/undici-types-5.25.3.tgz",
      "integrity": "sha512-Ga1jfYwRn7+cP9v8auvEXN1rX3sWqlayd4HP7OKk4mZWylEmu3KzXDUGrQUN6Ol7qo1gPvB2e5gX6udnyEPgdA=="
    }
  }
}
